// !$*UTF8*$!
{
	archiveVersion = 1;
	classes = {
	};
	objectVersion = 48;
	objects = {

/* Begin PBXBuildFile section */
		600CCF331F42C59900646757 /* AppDelegate.swift in Sources */ = {isa = PBXBuildFile; fileRef = 600CCF321F42C59900646757 /* AppDelegate.swift */; };
		600CCF351F42C59900646757 /* ViewController.swift in Sources */ = {isa = PBXBuildFile; fileRef = 600CCF341F42C59900646757 /* ViewController.swift */; };
		600CCF381F42C59900646757 /* Main.storyboard in Resources */ = {isa = PBXBuildFile; fileRef = 600CCF361F42C59900646757 /* Main.storyboard */; };
		600CCF3A1F42C59900646757 /* Assets.xcassets in Resources */ = {isa = PBXBuildFile; fileRef = 600CCF391F42C59900646757 /* Assets.xcassets */; };
		600CCF3D1F42C59900646757 /* LaunchScreen.storyboard in Resources */ = {isa = PBXBuildFile; fileRef = 600CCF3B1F42C59900646757 /* LaunchScreen.storyboard */; };
		600CCF461F42C5CE00646757 /* AudioToolbox.framework in Frameworks */ = {isa = PBXBuildFile; fileRef = 600CCF451F42C5CE00646757 /* AudioToolbox.framework */; };
		600CCF481F42D08800646757 /* question.csv in Resources */ = {isa = PBXBuildFile; fileRef = 600CCF471F42D08800646757 /* question.csv */; };
		600CCF4A1F42D10F00646757 /* QuestionDataManager.swift in Sources */ = {isa = PBXBuildFile; fileRef = 600CCF491F42D10F00646757 /* QuestionDataManager.swift */; };
		600CCF4C1F42E3B100646757 /* StartViewController.swift in Sources */ = {isa = PBXBuildFile; fileRef = 600CCF4B1F42E3B100646757 /* StartViewController.swift */; };
		600CCF4E1F42E79500646757 /* QuestionViewController.swift in Sources */ = {isa = PBXBuildFile; fileRef = 600CCF4D1F42E79500646757 /* QuestionViewController.swift */; };
		600CCF501F42ED6D00646757 /* ResultViewController.swift in Sources */ = {isa = PBXBuildFile; fileRef = 600CCF4F1F42ED6D00646757 /* ResultViewController.swift */; };
/* End PBXBuildFile section */

/* Begin PBXFileReference section */
		600CCF2F1F42C59900646757 /* Quiz.prototype.app */ = {isa = PBXFileReference; explicitFileType = wrapper.application; includeInIndex = 0; path = Quiz.prototype.app; sourceTree = BUILT_PRODUCTS_DIR; };
		600CCF321F42C59900646757 /* AppDelegate.swift */ = {isa = PBXFileReference; lastKnownFileType = sourcecode.swift; path = AppDelegate.swift; sourceTree = "<group>"; };
		600CCF341F42C59900646757 /* ViewController.swift */ = {isa = PBXFileReference; lastKnownFileType = sourcecode.swift; path = ViewController.swift; sourceTree = "<group>"; };
		600CCF371F42C59900646757 /* Base */ = {isa = PBXFileReference; lastKnownFileType = file.storyboard; name = Base; path = Base.lproj/Main.storyboard; sourceTree = "<group>"; };
		600CCF391F42C59900646757 /* Assets.xcassets */ = {isa = PBXFileReference; lastKnownFileType = folder.assetcatalog; path = Assets.xcassets; sourceTree = "<group>"; };
		600CCF3C1F42C59900646757 /* Base */ = {isa = PBXFileReference; lastKnownFileType = file.storyboard; name = Base; path = Base.lproj/LaunchScreen.storyboard; sourceTree = "<group>"; };
		600CCF3E1F42C59900646757 /* Info.plist */ = {isa = PBXFileReference; lastKnownFileType = text.plist.xml; path = Info.plist; sourceTree = "<group>"; };
		600CCF451F42C5CE00646757 /* AudioToolbox.framework */ = {isa = PBXFileReference; lastKnownFileType = wrapper.framework; name = AudioToolbox.framework; path = System/Library/Frameworks/AudioToolbox.framework; sourceTree = SDKROOT; };
		600CCF471F42D08800646757 /* question.csv */ = {isa = PBXFileReference; fileEncoding = 4; lastKnownFileType = text; path = question.csv; sourceTree = "<group>"; };
		600CCF491F42D10F00646757 /* QuestionDataManager.swift */ = {isa = PBXFileReference; lastKnownFileType = sourcecode.swift; path = QuestionDataManager.swift; sourceTree = "<group>"; };
		600CCF4B1F42E3B100646757 /* StartViewController.swift */ = {isa = PBXFileReference; lastKnownFileType = sourcecode.swift; path = StartViewController.swift; sourceTree = "<group>"; };
		600CCF4D1F42E79500646757 /* QuestionViewController.swift */ = {isa = PBXFileReference; lastKnownFileType = sourcecode.swift; path = QuestionViewController.swift; sourceTree = "<group>"; };
		600CCF4F1F42ED6D00646757 /* ResultViewController.swift */ = {isa = PBXFileReference; lastKnownFileType = sourcecode.swift; path = ResultViewController.swift; sourceTree = "<group>"; };
/* End PBXFileReference section */

/* Begin PBXFrameworksBuildPhase section */
		600CCF2C1F42C59900646757 /* Frameworks */ = {
			isa = PBXFrameworksBuildPhase;
			buildActionMask = 2147483647;
			files = (
				600CCF461F42C5CE00646757 /* AudioToolbox.framework in Frameworks */,
			);
			runOnlyForDeploymentPostprocessing = 0;
		};
/* End PBXFrameworksBuildPhase section */

/* Begin PBXGroup section */
		600CCF261F42C59900646757 = {
			isa = PBXGroup;
			children = (
				600CCF311F42C59900646757 /* Quiz.prototype */,
				600CCF301F42C59900646757 /* Products */,
				600CCF441F42C5CD00646757 /* Frameworks */,
			);
			sourceTree = "<group>";
		};
		600CCF301F42C59900646757 /* Products */ = {
			isa = PBXGroup;
			children = (
				600CCF2F1F42C59900646757 /* Quiz.prototype.app */,
			);
			name = Products;
			sourceTree = "<group>";
		};
		600CCF311F42C59900646757 /* Quiz.prototype */ = {
			isa = PBXGroup;
			children = (
				600CCF471F42D08800646757 /* question.csv */,
				600CCF321F42C59900646757 /* AppDelegate.swift */,
				600CCF341F42C59900646757 /* ViewController.swift */,
				600CCF361F42C59900646757 /* Main.storyboard */,
				600CCF391F42C59900646757 /* Assets.xcassets */,
				600CCF3B1F42C59900646757 /* LaunchScreen.storyboard */,
				600CCF3E1F42C59900646757 /* Info.plist */,
				600CCF491F42D10F00646757 /* QuestionDataManager.swift */,
				600CCF4B1F42E3B100646757 /* StartViewController.swift */,
				600CCF4D1F42E79500646757 /* QuestionViewController.swift */,
				600CCF4F1F42ED6D00646757 /* ResultViewController.swift */,
			);
			path = Quiz.prototype;
			sourceTree = "<group>";
		};
		600CCF441F42C5CD00646757 /* Frameworks */ = {
			isa = PBXGroup;
			children = (
				600CCF451F42C5CE00646757 /* AudioToolbox.framework */,
			);
			name = Frameworks;
			sourceTree = "<group>";
		};
/* End PBXGroup section */

/* Begin PBXNativeTarget section */
		600CCF2E1F42C59900646757 /* Quiz.prototype */ = {
			isa = PBXNativeTarget;
			buildConfigurationList = 600CCF411F42C59900646757 /* Build configuration list for PBXNativeTarget "Quiz.prototype" */;
			buildPhases = (
				600CCF2B1F42C59900646757 /* Sources */,
				600CCF2C1F42C59900646757 /* Frameworks */,
				600CCF2D1F42C59900646757 /* Resources */,
			);
			buildRules = (
			);
			dependencies = (
			);
			name = Quiz.prototype;
			productName = Quiz.prototype;
			productReference = 600CCF2F1F42C59900646757 /* Quiz.prototype.app */;
			productType = "com.apple.product-type.application";
		};
/* End PBXNativeTarget section */

/* Begin PBXProject section */
		600CCF271F42C59900646757 /* Project object */ = {
			isa = PBXProject;
			attributes = {
				LastSwiftUpdateCheck = 0900;
				LastUpgradeCheck = 0900;
				ORGANIZATIONNAME = "Recessive Programmer";
				TargetAttributes = {
					600CCF2E1F42C59900646757 = {
						CreatedOnToolsVersion = 9.0;
					};
				};
			};
			buildConfigurationList = 600CCF2A1F42C59900646757 /* Build configuration list for PBXProject "Quiz.prototype" */;
			compatibilityVersion = "Xcode 8.0";
			developmentRegion = en;
			hasScannedForEncodings = 0;
			knownRegions = (
				en,
				Base,
			);
			mainGroup = 600CCF261F42C59900646757;
			productRefGroup = 600CCF301F42C59900646757 /* Products */;
			projectDirPath = "";
			projectRoot = "";
			targets = (
				600CCF2E1F42C59900646757 /* Quiz.prototype */,
			);
		};
/* End PBXProject section */

/* Begin PBXResourcesBuildPhase section */
		600CCF2D1F42C59900646757 /* Resources */ = {
			isa = PBXResourcesBuildPhase;
			buildActionMask = 2147483647;
			files = (
				600CCF3D1F42C59900646757 /* LaunchScreen.storyboard in Resources */,
				600CCF3A1F42C59900646757 /* Assets.xcassets in Resources */,
				600CCF481F42D08800646757 /* question.csv in Resources */,
				600CCF381F42C59900646757 /* Main.storyboard in Resources */,
			);
			runOnlyForDeploymentPostprocessing = 0;
		};
/* End PBXResourcesBuildPhase section */

/* Begin PBXSourcesBuildPhase section */
		600CCF2B1F42C59900646757 /* Sources */ = {
			isa = PBXSourcesBuildPhase;
			buildActionMask = 2147483647;
			files = (
				600CCF351F42C59900646757 /* ViewController.swift in Sources */,
				600CCF4E1F42E79500646757 /* QuestionViewController.swift in Sources */,
				600CCF4C1F42E3B100646757 /* StartViewController.swift in Sources */,
				600CCF331F42C59900646757 /* AppDelegate.swift in Sources */,
				600CCF4A1F42D10F00646757 /* QuestionDataManager.swift in Sources */,
				600CCF501F42ED6D00646757 /* ResultViewController.swift in Sources */,
			);
			runOnlyForDeploymentPostprocessing = 0;
		};
/* End PBXSourcesBuildPhase section */

/* Begin PBXVariantGroup section */
		600CCF361F42C59900646757 /* Main.storyboard */ = {
			isa = PBXVariantGroup;
			children = (
				600CCF371F42C59900646757 /* Base */,
			);
			name = Main.storyboard;
			sourceTree = "<group>";
		};
		600CCF3B1F42C59900646757 /* LaunchScreen.storyboard */ = {
			isa = PBXVariantGroup;
			children = (
				600CCF3C1F42C59900646757 /* Base */,
			);
			name = LaunchScreen.storyboard;
			sourceTree = "<group>";
		};
/* End PBXVariantGroup section */

/* Begin XCBuildConfiguration section */
		600CCF3F1F42C59900646757 /* Debug */ = {
			isa = XCBuildConfiguration;
			buildSettings = {
				ALWAYS_SEARCH_USER_PATHS = NO;
				CLANG_ANALYZER_NONNULL = YES;
				CLANG_ANALYZER_NUMBER_OBJECT_CONVERSION = YES_AGGRESSIVE;
				CLANG_CXX_LANGUAGE_STANDARD = "gnu++14";
				CLANG_CXX_LIBRARY = "libc++";
				CLANG_ENABLE_MODULES = YES;
				CLANG_ENABLE_OBJC_ARC = YES;
				CLANG_WARN_BLOCK_CAPTURE_AUTORELEASING = YES;
				CLANG_WARN_BOOL_CONVERSION = YES;
				CLANG_WARN_COMMA = YES;
				CLANG_WARN_CONSTANT_CONVERSION = YES;
				CLANG_WARN_DIRECT_OBJC_ISA_USAGE = YES_ERROR;
				CLANG_WARN_DOCUMENTATION_COMMENTS = YES;
				CLANG_WARN_EMPTY_BODY = YES;
				CLANG_WARN_ENUM_CONVERSION = YES;
				CLANG_WARN_INFINITE_RECURSION = YES;
				CLANG_WARN_INT_CONVERSION = YES;
				CLANG_WARN_NON_LITERAL_NULL_CONVERSION = YES;
				CLANG_WARN_OBJC_LITERAL_CONVERSION = YES;
				CLANG_WARN_OBJC_ROOT_CLASS = YES_ERROR;
				CLANG_WARN_RANGE_LOOP_ANALYSIS = YES;
				CLANG_WARN_STRICT_PROTOTYPES = YES;
				CLANG_WARN_SUSPICIOUS_MOVE = YES;
				CLANG_WARN_UNGUARDED_AVAILABILITY = YES_AGGRESSIVE;
				CLANG_WARN_UNREACHABLE_CODE = YES;
				CLANG_WARN__DUPLICATE_METHOD_MATCH = YES;
				CODE_SIGN_IDENTITY = "iPhone Developer";
				COPY_PHASE_STRIP = NO;
				DEBUG_INFORMATION_FORMAT = dwarf;
				ENABLE_STRICT_OBJC_MSGSEND = YES;
				ENABLE_TESTABILITY = YES;
				GCC_C_LANGUAGE_STANDARD = gnu11;
				GCC_DYNAMIC_NO_PIC = NO;
				GCC_NO_COMMON_BLOCKS = YES;
				GCC_OPTIMIZATION_LEVEL = 0;
				GCC_PREPROCESSOR_DEFINITIONS = (
					"DEBUG=1",
					"$(inherited)",
				);
				GCC_WARN_64_TO_32_BIT_CONVERSION = YES;
				GCC_WARN_ABOUT_RETURN_TYPE = YES_ERROR;
				GCC_WARN_UNDECLARED_SELECTOR = YES;
				GCC_WARN_UNINITIALIZED_AUTOS = YES_AGGRESSIVE;
				GCC_WARN_UNUSED_FUNCTION = YES;
				GCC_WARN_UNUSED_VARIABLE = YES;
				IPHONEOS_DEPLOYMENT_TARGET = 11.0;
				MTL_ENABLE_DEBUG_INFO = YES;
				ONLY_ACTIVE_ARCH = YES;
				SDKROOT = iphoneos;
				SWIFT_ACTIVE_COMPILATION_CONDITIONS = DEBUG;
				SWIFT_OPTIMIZATION_LEVEL = "-Onone";
			};
			name = Debug;
		};
		600CCF401F42C59900646757 /* Release */ = {
			isa = XCBuildConfiguration;
			buildSettings = {
				ALWAYS_SEARCH_USER_PATHS = NO;
				CLANG_ANALYZER_NONNULL = YES;
				CLANG_ANALYZER_NUMBER_OBJECT_CONVERSION = YES_AGGRESSIVE;
				CLANG_CXX_LANGUAGE_STANDARD = "gnu++14";
				CLANG_CXX_LIBRARY = "libc++";
				CLANG_ENABLE_MODULES = YES;
				CLANG_ENABLE_OBJC_ARC = YES;
				CLANG_WARN_BLOCK_CAPTURE_AUTORELEASING = YES;
				CLANG_WARN_BOOL_CONVERSION = YES;
				CLANG_WARN_COMMA = YES;
				CLANG_WARN_CONSTANT_CONVERSION = YES;
				CLANG_WARN_DIRECT_OBJC_ISA_USAGE = YES_ERROR;
				CLANG_WARN_DOCUMENTATION_COMMENTS = YES;
				CLANG_WARN_EMPTY_BODY = YES;
				CLANG_WARN_ENUM_CONVERSION = YES;
				CLANG_WARN_INFINITE_RECURSION = YES;
				CLANG_WARN_INT_CONVERSION = YES;
				CLANG_WARN_NON_LITERAL_NULL_CONVERSION = YES;
				CLANG_WARN_OBJC_LITERAL_CONVERSION = YES;
				CLANG_WARN_OBJC_ROOT_CLASS = YES_ERROR;
				CLANG_WARN_RANGE_LOOP_ANALYSIS = YES;
				CLANG_WARN_STRICT_PROTOTYPES = YES;
				CLANG_WARN_SUSPICIOUS_MOVE = YES;
				CLANG_WARN_UNGUARDED_AVAILABILITY = YES_AGGRESSIVE;
				CLANG_WARN_UNREACHABLE_CODE = YES;
				CLANG_WARN__DUPLICATE_METHOD_MATCH = YES;
				CODE_SIGN_IDENTITY = "iPhone Developer";
				COPY_PHASE_STRIP = NO;
				DEBUG_INFORMATION_FORMAT = "dwarf-with-dsym";
				ENABLE_NS_ASSERTIONS = NO;
				ENABLE_STRICT_OBJC_MSGSEND = YES;
				GCC_C_LANGUAGE_STANDARD = gnu11;
				GCC_NO_COMMON_BLOCKS = YES;
				GCC_WARN_64_TO_32_BIT_CONVERSION = YES;
				GCC_WARN_ABOUT_RETURN_TYPE = YES_ERROR;
				GCC_WARN_UNDECLARED_SELECTOR = YES;
				GCC_WARN_UNINITIALIZED_AUTOS = YES_AGGRESSIVE;
				GCC_WARN_UNUSED_FUNCTION = YES;
				GCC_WARN_UNUSED_VARIABLE = YES;
				IPHONEOS_DEPLOYMENT_TARGET = 11.0;
				MTL_ENABLE_DEBUG_INFO = NO;
				SDKROOT = iphoneos;
				SWIFT_OPTIMIZATION_LEVEL = "-Owholemodule";
				VALIDATE_PRODUCT = YES;
			};
			name = Release;
		};
		600CCF421F42C59900646757 /* Debug */ = {
			isa = XCBuildConfiguration;
			buildSettings = {
				ASSETCATALOG_COMPILER_APPICON_NAME = AppIcon;
				DEVELOPMENT_TEAM = E43KP5ZC7F;
				INFOPLIST_FILE = Quiz.prototype/Info.plist;
				IPHONEOS_DEPLOYMENT_TARGET = 9.3;
				LD_RUNPATH_SEARCH_PATHS = "$(inherited) @executable_path/Frameworks";
				PRODUCT_BUNDLE_IDENTIFIER = "org.rcsvpg.Quiz-prototype";
				PRODUCT_NAME = "$(TARGET_NAME)";
				SWIFT_VERSION = 4.0;
				TARGETED_DEVICE_FAMILY = 1;
			};
			name = Debug;
		};
		600CCF431F42C59900646757 /* Release */ = {
			isa = XCBuildConfiguration;
			buildSettings = {
				ASSETCATALOG_COMPILER_APPICON_NAME = AppIcon;
				DEVELOPMENT_TEAM = E43KP5ZC7F;
				INFOPLIST_FILE = Quiz.prototype/Info.plist;
				IPHONEOS_DEPLOYMENT_TARGET = 9.3;
				LD_RUNPATH_SEARCH_PATHS = "$(inherited) @executable_path/Frameworks";
				PRODUCT_BUNDLE_IDENTIFIER = "org.rcsvpg.Quiz-prototype";
				PRODUCT_NAME = "$(TARGET_NAME)";
				SWIFT_VERSION = 4.0;
				TARGETED_DEVICE_FAMILY = 1;
			};
			name = Release;
		};
/* End XCBuildConfiguration section */

/* Begin XCConfigurationList section */
		600CCF2A1F42C59900646757 /* Build configuration list for PBXProject "Quiz.prototype" */ = {
			isa = XCConfigurationList;
			buildConfigurations = (
				600CCF3F1F42C59900646757 /* Debug */,
				600CCF401F42C59900646757 /* Release */,
			);
			defaultConfigurationIsVisible = 0;
			defaultConfigurationName = Release;
		};
		600CCF411F42C59900646757 /* Build configuration list for PBXNativeTarget "Quiz.prototype" */ = {
			isa = XCConfigurationList;
			buildConfigurations = (
				600CCF421F42C59900646757 /* Debug */,
				600CCF431F42C59900646757 /* Release */,
			);
			defaultConfigurationIsVisible = 0;
			defaultConfigurationName = Release;
		};
/* End XCConfigurationList section */
	};
	rootObject = 600CCF271F42C59900646757 /* Project object */;
}
